
Microsoft Visual Studio Solution File, Format Version 12.00
# Visual Studio Version 17
VisualStudioVersion = 17.6.33815.320
MinimumVisualStudioVersion = 10.0.40219.1
Project("{9A19103F-16F7-4668-BE54-9A1E7A4F7556}") = "MetersSender", "MetersSender\MetersSender.csproj", "{F3585DFB-FD32-4B7A-8B3C-9060C36499C9}"
EndProject
Project("{FAE04EC0-301F-11D3-BF4B-00C04F79EFBC}") = "MetersSender.DataAccess", "MetersSender.DataAccess\MetersSender.DataAccess.csproj", "{330BCFAD-A202-4B68-81A6-8E78D8B42F32}"
EndProject
Project("{FAE04EC0-301F-11D3-BF4B-00C04F79EFBC}") = "MetersSender.Common", "MetersSender.Common\MetersSender.Common.csproj", "{B4B9D6A6-5BA5-4DE6-80E4-A8A3DE64FC89}"
EndProject
Global
	GlobalSection(SolutionConfigurationPlatforms) = preSolution
		Debug|Any CPU = Debug|Any CPU
		Release|Any CPU = Release|Any CPU
	EndGlobalSection
	GlobalSection(ProjectConfigurationPlatforms) = postSolution
		{F3585DFB-FD32-4B7A-8B3C-9060C36499C9}.Debug|Any CPU.ActiveCfg = Debug|Any CPU
		{F3585DFB-FD32-4B7A-8B3C-9060C36499C9}.Debug|Any CPU.Build.0 = Debug|Any CPU
		{F3585DFB-FD32-4B7A-8B3C-9060C36499C9}.Release|Any CPU.ActiveCfg = Release|Any CPU
		{F3585DFB-FD32-4B7A-8B3C-9060C36499C9}.Release|Any CPU.Build.0 = Release|Any CPU
		{330BCFAD-A202-4B68-81A6-8E78D8B42F32}.Debug|Any CPU.ActiveCfg = Debug|Any CPU
		{330BCFAD-A202-4B68-81A6-8E78D8B42F32}.Debug|Any CPU.Build.0 = Debug|Any CPU
		{330BCFAD-A202-4B68-81A6-8E78D8B42F32}.Release|Any CPU.ActiveCfg = Release|Any CPU
		{330BCFAD-A202-4B68-81A6-8E78D8B42F32}.Release|Any CPU.Build.0 = Release|Any CPU
		{B4B9D6A6-5BA5-4DE6-80E4-A8A3DE64FC89}.Debug|Any CPU.ActiveCfg = Debug|Any CPU
		{B4B9D6A6-5BA5-4DE6-80E4-A8A3DE64FC89}.Debug|Any CPU.Build.0 = Debug|Any CPU
		{B4B9D6A6-5BA5-4DE6-80E4-A8A3DE64FC89}.Release|Any CPU.ActiveCfg = Release|Any CPU
		{B4B9D6A6-5BA5-4DE6-80E4-A8A3DE64FC89}.Release|Any CPU.Build.0 = Release|Any CPU
	EndGlobalSection
	GlobalSection(SolutionProperties) = preSolution
		HideSolutionNode = FALSE
	EndGlobalSection
	GlobalSection(ExtensibilityGlobals) = postSolution
		SolutionGuid = {2E6F2E59-1787-4D8C-A3A1-2791FFEEC832}
	EndGlobalSection
EndGlobal
